// !$*UTF8*$!
{
	archiveVersion = 1;
	classes = {
	};
	objectVersion = 46;
	objects = {

/* Begin PBXBuildFile section */
		04B7BF171AE217AB0007D5EB /* AppDelegate.swift in Sources */ = {isa = PBXBuildFile; fileRef = 04B7BF161AE217AB0007D5EB /* AppDelegate.swift */; };
		04B7BF191AE217AB0007D5EB /* ViewController.swift in Sources */ = {isa = PBXBuildFile; fileRef = 04B7BF181AE217AB0007D5EB /* ViewController.swift */; };
		04B7BF1C1AE217AB0007D5EB /* Main.storyboard in Resources */ = {isa = PBXBuildFile; fileRef = 04B7BF1A1AE217AB0007D5EB /* Main.storyboard */; };
		04B7BF1E1AE217AB0007D5EB /* Images.xcassets in Resources */ = {isa = PBXBuildFile; fileRef = 04B7BF1D1AE217AB0007D5EB /* Images.xcassets */; };
		04B7BF211AE217AB0007D5EB /* LaunchScreen.xib in Resources */ = {isa = PBXBuildFile; fileRef = 04B7BF1F1AE217AB0007D5EB /* LaunchScreen.xib */; };
		04B7BF2D1AE217AB0007D5EB /* TipCalculatorTests.swift in Sources */ = {isa = PBXBuildFile; fileRef = 04B7BF2C1AE217AB0007D5EB /* TipCalculatorTests.swift */; };
		04B7C0341AE601240007D5EB /* tip1.jpeg in Resources */ = {isa = PBXBuildFile; fileRef = 04B7C0311AE601240007D5EB /* tip1.jpeg */; };
		04B7C0351AE601240007D5EB /* tip2.jpeg in Resources */ = {isa = PBXBuildFile; fileRef = 04B7C0321AE601240007D5EB /* tip2.jpeg */; };
		04B7C0361AE601240007D5EB /* tips_jar.jpg in Resources */ = {isa = PBXBuildFile; fileRef = 04B7C0331AE601240007D5EB /* tips_jar.jpg */; };
/* End PBXBuildFile section */

/* Begin PBXContainerItemProxy section */
		04B7BF271AE217AB0007D5EB /* PBXContainerItemProxy */ = {
			isa = PBXContainerItemProxy;
			containerPortal = 04B7BF091AE217AB0007D5EB /* Project object */;
			proxyType = 1;
			remoteGlobalIDString = 04B7BF101AE217AB0007D5EB;
			remoteInfo = TipCalculator;
		};
/* End PBXContainerItemProxy section */

/* Begin PBXFileReference section */
		04B7BF111AE217AB0007D5EB /* TipCalculator.app */ = {isa = PBXFileReference; explicitFileType = wrapper.application; includeInIndex = 0; path = TipCalculator.app; sourceTree = BUILT_PRODUCTS_DIR; };
		04B7BF151AE217AB0007D5EB /* Info.plist */ = {isa = PBXFileReference; lastKnownFileType = text.plist.xml; path = Info.plist; sourceTree = "<group>"; };
		04B7BF161AE217AB0007D5EB /* AppDelegate.swift */ = {isa = PBXFileReference; lastKnownFileType = sourcecode.swift; path = AppDelegate.swift; sourceTree = "<group>"; };
		04B7BF181AE217AB0007D5EB /* ViewController.swift */ = {isa = PBXFileReference; lastKnownFileType = sourcecode.swift; path = ViewController.swift; sourceTree = "<group>"; };
		04B7BF1B1AE217AB0007D5EB /* Base */ = {isa = PBXFileReference; lastKnownFileType = file.storyboard; name = Base; path = Base.lproj/Main.storyboard; sourceTree = "<group>"; };
		04B7BF1D1AE217AB0007D5EB /* Images.xcassets */ = {isa = PBXFileReference; lastKnownFileType = folder.assetcatalog; path = Images.xcassets; sourceTree = "<group>"; };
		04B7BF201AE217AB0007D5EB /* Base */ = {isa = PBXFileReference; lastKnownFileType = file.xib; name = Base; path = Base.lproj/LaunchScreen.xib; sourceTree = "<group>"; };
		04B7BF261AE217AB0007D5EB /* TipCalculatorTests.xctest */ = {isa = PBXFileReference; explicitFileType = wrapper.cfbundle; includeInIndex = 0; path = TipCalculatorTests.xctest; sourceTree = BUILT_PRODUCTS_DIR; };
		04B7BF2B1AE217AB0007D5EB /* Info.plist */ = {isa = PBXFileReference; lastKnownFileType = text.plist.xml; path = Info.plist; sourceTree = "<group>"; };
		04B7BF2C1AE217AB0007D5EB /* TipCalculatorTests.swift */ = {isa = PBXFileReference; lastKnownFileType = sourcecode.swift; path = TipCalculatorTests.swift; sourceTree = "<group>"; };
		04B7C0311AE601240007D5EB /* tip1.jpeg */ = {isa = PBXFileReference; lastKnownFileType = image.jpeg; name = tip1.jpeg; path = ../../../../Desktop/tip1.jpeg; sourceTree = "<group>"; };
		04B7C0321AE601240007D5EB /* tip2.jpeg */ = {isa = PBXFileReference; lastKnownFileType = image.jpeg; name = tip2.jpeg; path = ../../../../Desktop/tip2.jpeg; sourceTree = "<group>"; };
		04B7C0331AE601240007D5EB /* tips_jar.jpg */ = {isa = PBXFileReference; lastKnownFileType = image.jpeg; name = tips_jar.jpg; path = ../../../../Desktop/tips_jar.jpg; sourceTree = "<group>"; };
/* End PBXFileReference section */

/* Begin PBXFrameworksBuildPhase section */
		04B7BF0E1AE217AB0007D5EB /* Frameworks */ = {
			isa = PBXFrameworksBuildPhase;
			buildActionMask = 2147483647;
			files = (
			);
			runOnlyForDeploymentPostprocessing = 0;
		};
		04B7BF231AE217AB0007D5EB /* Frameworks */ = {
			isa = PBXFrameworksBuildPhase;
			buildActionMask = 2147483647;
			files = (
			);
			runOnlyForDeploymentPostprocessing = 0;
		};
/* End PBXFrameworksBuildPhase section */

/* Begin PBXGroup section */
		04B7BF081AE217AB0007D5EB = {
			isa = PBXGroup;
			children = (
				04B7BF131AE217AB0007D5EB /* TipCalculator */,
				04B7BF291AE217AB0007D5EB /* TipCalculatorTests */,
				04B7BF121AE217AB0007D5EB /* Products */,
			);
			sourceTree = "<group>";
		};
		04B7BF121AE217AB0007D5EB /* Products */ = {
			isa = PBXGroup;
			children = (
				04B7BF111AE217AB0007D5EB /* TipCalculator.app */,
				04B7BF261AE217AB0007D5EB /* TipCalculatorTests.xctest */,
			);
			name = Products;
			sourceTree = "<group>";
		};
		04B7BF131AE217AB0007D5EB /* TipCalculator */ = {
			isa = PBXGroup;
			children = (
				04B7BF161AE217AB0007D5EB /* AppDelegate.swift */,
				04B7BF181AE217AB0007D5EB /* ViewController.swift */,
				04B7BF1A1AE217AB0007D5EB /* Main.storyboard */,
				04B7C0311AE601240007D5EB /* tip1.jpeg */,
				04B7C0321AE601240007D5EB /* tip2.jpeg */,
				04B7C0331AE601240007D5EB /* tips_jar.jpg */,
				04B7BF1D1AE217AB0007D5EB /* Images.xcassets */,
				04B7BF1F1AE217AB0007D5EB /* LaunchScreen.xib */,
				04B7BF141AE217AB0007D5EB /* Supporting Files */,
			);
			path = TipCalculator;
			sourceTree = "<group>";
		};
		04B7BF141AE217AB0007D5EB /* Supporting Files */ = {
			isa = PBXGroup;
			children = (
				04B7BF151AE217AB0007D5EB /* Info.plist */,
			);
			name = "Supporting Files";
			sourceTree = "<group>";
		};
		04B7BF291AE217AB0007D5EB /* TipCalculatorTests */ = {
			isa = PBXGroup;
			children = (
				04B7BF2C1AE217AB0007D5EB /* TipCalculatorTests.swift */,
				04B7BF2A1AE217AB0007D5EB /* Supporting Files */,
			);
			path = TipCalculatorTests;
			sourceTree = "<group>";
		};
		04B7BF2A1AE217AB0007D5EB /* Supporting Files */ = {
			isa = PBXGroup;
			children = (
				04B7BF2B1AE217AB0007D5EB /* Info.plist */,
			);
			name = "Supporting Files";
			sourceTree = "<group>";
		};
/* End PBXGroup section */

/* Begin PBXNativeTarget section */
		04B7BF101AE217AB0007D5EB /* TipCalculator */ = {
			isa = PBXNativeTarget;
			buildConfigurationList = 04B7BF301AE217AB0007D5EB /* Build configuration list for PBXNativeTarget "TipCalculator" */;
			buildPhases = (
				04B7BF0D1AE217AB0007D5EB /* Sources */,
				04B7BF0E1AE217AB0007D5EB /* Frameworks */,
				04B7BF0F1AE217AB0007D5EB /* Resources */,
			);
			buildRules = (
			);
			dependencies = (
			);
			name = TipCalculator;
			productName = TipCalculator;
			productReference = 04B7BF111AE217AB0007D5EB /* TipCalculator.app */;
			productType = "com.apple.product-type.application";
		};
		04B7BF251AE217AB0007D5EB /* TipCalculatorTests */ = {
			isa = PBXNativeTarget;
			buildConfigurationList = 04B7BF331AE217AB0007D5EB /* Build configuration list for PBXNativeTarget "TipCalculatorTests" */;
			buildPhases = (
				04B7BF221AE217AB0007D5EB /* Sources */,
				04B7BF231AE217AB0007D5EB /* Frameworks */,
				04B7BF241AE217AB0007D5EB /* Resources */,
			);
			buildRules = (
			);
			dependencies = (
				04B7BF281AE217AB0007D5EB /* PBXTargetDependency */,
			);
			name = TipCalculatorTests;
			productName = TipCalculatorTests;
			productReference = 04B7BF261AE217AB0007D5EB /* TipCalculatorTests.xctest */;
			productType = "com.apple.product-type.bundle.unit-test";
		};
/* End PBXNativeTarget section */

/* Begin PBXProject section */
		04B7BF091AE217AB0007D5EB /* Project object */ = {
			isa = PBXProject;
			attributes = {
				LastUpgradeCheck = 0620;
				ORGANIZATIONNAME = "Rhiya Manchikanti";
				TargetAttributes = {
					04B7BF101AE217AB0007D5EB = {
						CreatedOnToolsVersion = 6.2;
					};
					04B7BF251AE217AB0007D5EB = {
						CreatedOnToolsVersion = 6.2;
						TestTargetID = 04B7BF101AE217AB0007D5EB;
					};
				};
			};
			buildConfigurationList = 04B7BF0C1AE217AB0007D5EB /* Build configuration list for PBXProject "TipCalculator" */;
			compatibilityVersion = "Xcode 3.2";
			developmentRegion = English;
			hasScannedForEncodings = 0;
			knownRegions = (
				en,
				Base,
			);
			mainGroup = 04B7BF081AE217AB0007D5EB;
			productRefGroup = 04B7BF121AE217AB0007D5EB /* Products */;
			projectDirPath = "";
			projectRoot = "";
			targets = (
				04B7BF101AE217AB0007D5EB /* TipCalculator */,
				04B7BF251AE217AB0007D5EB /* TipCalculatorTests */,
			);
		};
/* End PBXProject section */

/* Begin PBXResourcesBuildPhase section */
		04B7BF0F1AE217AB0007D5EB /* Resources */ = {
			isa = PBXResourcesBuildPhase;
			buildActionMask = 2147483647;
			files = (
				04B7C0351AE601240007D5EB /* tip2.jpeg in Resources */,
				04B7C0361AE601240007D5EB /* tips_jar.jpg in Resources */,
				04B7BF1C1AE217AB0007D5EB /* Main.storyboard in Resources */,
				04B7BF211AE217AB0007D5EB /* LaunchScreen.xib in Resources */,
				04B7BF1E1AE217AB0007D5EB /* Images.xcassets in Resources */,
				04B7C0341AE601240007D5EB /* tip1.jpeg in Resources */,
			);
			runOnlyForDeploymentPostprocessing = 0;
		};
		04B7BF241AE217AB0007D5EB /* Resources */ = {
			isa = PBXResourcesBuildPhase;
			buildActionMask = 2147483647;
			files = (
			);
			runOnlyForDeploymentPostprocessing = 0;
		};
/* End PBXResourcesBuildPhase section */

/* Begin PBXSourcesBuildPhase section */
		04B7BF0D1AE217AB0007D5EB /* Sources */ = {
			isa = PBXSourcesBuildPhase;
			buildActionMask = 2147483647;
			files = (
				04B7BF191AE217AB0007D5EB /* ViewController.swift in Sources */,
				04B7BF171AE217AB0007D5EB /* AppDelegate.swift in Sources */,
			);
			runOnlyForDeploymentPostprocessing = 0;
		};
		04B7BF221AE217AB0007D5EB /* Sources */ = {
			isa = PBXSourcesBuildPhase;
			buildActionMask = 2147483647;
			files = (
				04B7BF2D1AE217AB0007D5EB /* TipCalculatorTests.swift in Sources */,
			);
			runOnlyForDeploymentPostprocessing = 0;
		};
/* End PBXSourcesBuildPhase section */

/* Begin PBXTargetDependency section */
		04B7BF281AE217AB0007D5EB /* PBXTargetDependency */ = {
			isa = PBXTargetDependency;
			target = 04B7BF101AE217AB0007D5EB /* TipCalculator */;
			targetProxy = 04B7BF271AE217AB0007D5EB /* PBXContainerItemProxy */;
		};
/* End PBXTargetDependency section */

/* Begin PBXVariantGroup section */
		04B7BF1A1AE217AB0007D5EB /* Main.storyboard */ = {
			isa = PBXVariantGroup;
			children = (
				04B7BF1B1AE217AB0007D5EB /* Base */,
			);
			name = Main.storyboard;
			sourceTree = "<group>";
		};
		04B7BF1F1AE217AB0007D5EB /* LaunchScreen.xib */ = {
			isa = PBXVariantGroup;
			children = (
				04B7BF201AE217AB0007D5EB /* Base */,
			);
			name = LaunchScreen.xib;
			sourceTree = "<group>";
		};
/* End PBXVariantGroup section */

/* Begin XCBuildConfiguration section */
		04B7BF2E1AE217AB0007D5EB /* Debug */ = {
			isa = XCBuildConfiguration;
			buildSettings = {
				ALWAYS_SEARCH_USER_PATHS = NO;
				CLANG_CXX_LANGUAGE_STANDARD = "gnu++0x";
				CLANG_CXX_LIBRARY = "libc++";
				CLANG_ENABLE_MODULES = YES;
				CLANG_ENABLE_OBJC_ARC = YES;
				CLANG_WARN_BOOL_CONVERSION = YES;
				CLANG_WARN_CONSTANT_CONVERSION = YES;
				CLANG_WARN_DIRECT_OBJC_ISA_USAGE = YES_ERROR;
				CLANG_WARN_EMPTY_BODY = YES;
				CLANG_WARN_ENUM_CONVERSION = YES;
				CLANG_WARN_INT_CONVERSION = YES;
				CLANG_WARN_OBJC_ROOT_CLASS = YES_ERROR;
				CLANG_WARN_UNREACHABLE_CODE = YES;
				CLANG_WARN__DUPLICATE_METHOD_MATCH = YES;
				"CODE_SIGN_IDENTITY[sdk=iphoneos*]" = "iPhone Developer";
				COPY_PHASE_STRIP = NO;
				ENABLE_STRICT_OBJC_MSGSEND = YES;
				GCC_C_LANGUAGE_STANDARD = gnu99;
				GCC_DYNAMIC_NO_PIC = NO;
				GCC_OPTIMIZATION_LEVEL = 0;
				GCC_PREPROCESSOR_DEFINITIONS = (
					"DEBUG=1",
					"$(inherited)",
				);
				GCC_SYMBOLS_PRIVATE_EXTERN = NO;
				GCC_WARN_64_TO_32_BIT_CONVERSION = YES;
				GCC_WARN_ABOUT_RETURN_TYPE = YES_ERROR;
				GCC_WARN_UNDECLARED_SELECTOR = YES;
				GCC_WARN_UNINITIALIZED_AUTOS = YES_AGGRESSIVE;
				GCC_WARN_UNUSED_FUNCTION = YES;
				GCC_WARN_UNUSED_VARIABLE = YES;
				IPHONEOS_DEPLOYMENT_TARGET = 8.2;
				MTL_ENABLE_DEBUG_INFO = YES;
				ONLY_ACTIVE_ARCH = YES;
				SDKROOT = iphoneos;
				SWIFT_OPTIMIZATION_LEVEL = "-Onone";
				TARGETED_DEVICE_FAMILY = "1,2";
			};
			name = Debug;
		};
		04B7BF2F1AE217AB0007D5EB /* Release */ = {
			isa = XCBuildConfiguration;
			buildSettings = {
				ALWAYS_SEARCH_USER_PATHS = NO;
				CLANG_CXX_LANGUAGE_STANDARD = "gnu++0x";
				CLANG_CXX_LIBRARY = "libc++";
				CLANG_ENABLE_MODULES = YES;
				CLANG_ENABLE_OBJC_ARC = YES;
				CLANG_WARN_BOOL_CONVERSION = YES;
				CLANG_WARN_CONSTANT_CONVERSION = YES;
				CLANG_WARN_DIRECT_OBJC_ISA_USAGE = YES_ERROR;
				CLANG_WARN_EMPTY_BODY = YES;
				CLANG_WARN_ENUM_CONVERSION = YES;
				CLANG_WARN_INT_CONVERSION = YES;
				CLANG_WARN_OBJC_ROOT_CLASS = YES_ERROR;
				CLANG_WARN_UNREACHABLE_CODE = YES;
				CLANG_WARN__DUPLICATE_METHOD_MATCH = YES;
				"CODE_SIGN_IDENTITY[sdk=iphoneos*]" = "iPhone Developer";
				COPY_PHASE_STRIP = NO;
				ENABLE_NS_ASSERTIONS = NO;
				ENABLE_STRICT_OBJC_MSGSEND = YES;
				GCC_C_LANGUAGE_STANDARD = gnu99;
				GCC_WARN_64_TO_32_BIT_CONVERSION = YES;
				GCC_WARN_ABOUT_RETURN_TYPE = YES_ERROR;
				GCC_WARN_UNDECLARED_SELECTOR = YES;
				GCC_WARN_UNINITIALIZED_AUTOS = YES_AGGRESSIVE;
				GCC_WARN_UNUSED_FUNCTION = YES;
				GCC_WARN_UNUSED_VARIABLE = YES;
				IPHONEOS_DEPLOYMENT_TARGET = 8.2;
				MTL_ENABLE_DEBUG_INFO = NO;
				SDKROOT = iphoneos;
				TARGETED_DEVICE_FAMILY = "1,2";
				VALIDATE_PRODUCT = YES;
			};
			name = Release;
		};
		04B7BF311AE217AB0007D5EB /* Debug */ = {
			isa = XCBuildConfiguration;
			buildSettings = {
				ASSETCATALOG_COMPILER_APPICON_NAME = AppIcon;
				INFOPLIST_FILE = TipCalculator/Info.plist;
				IPHONEOS_DEPLOYMENT_TARGET = 8.0;
				LD_RUNPATH_SEARCH_PATHS = "$(inherited) @executable_path/Frameworks";
				PRODUCT_NAME = "$(TARGET_NAME)";
			};
			name = Debug;
		};
		04B7BF321AE217AB0007D5EB /* Release */ = {
			isa = XCBuildConfiguration;
			buildSettings = {
				ASSETCATALOG_COMPILER_APPICON_NAME = AppIcon;
				INFOPLIST_FILE = TipCalculator/Info.plist;
				IPHONEOS_DEPLOYMENT_TARGET = 8.0;
				LD_RUNPATH_SEARCH_PATHS = "$(inherited) @executable_path/Frameworks";
				PRODUCT_NAME = "$(TARGET_NAME)";
			};
			name = Release;
		};
		04B7BF341AE217AB0007D5EB /* Debug */ = {
			isa = XCBuildConfiguration;
			buildSettings = {
				BUNDLE_LOADER = "$(TEST_HOST)";
				FRAMEWORK_SEARCH_PATHS = (
					"$(SDKROOT)/Developer/Library/Frameworks",
					"$(inherited)",
				);
				GCC_PREPROCESSOR_DEFINITIONS = (
					"DEBUG=1",
					"$(inherited)",
				);
				INFOPLIST_FILE = TipCalculatorTests/Info.plist;
				LD_RUNPATH_SEARCH_PATHS = "$(inherited) @executable_path/Frameworks @loader_path/Frameworks";
				PRODUCT_NAME = "$(TARGET_NAME)";
				TEST_HOST = "$(BUILT_PRODUCTS_DIR)/TipCalculator.app/TipCalculator";
			};
			name = Debug;
		};
		04B7BF351AE217AB0007D5EB /* Release */ = {
			isa = XCBuildConfiguration;
			buildSettings = {
				BUNDLE_LOADER = "$(TEST_HOST)";
				FRAMEWORK_SEARCH_PATHS = (
					"$(SDKROOT)/Developer/Library/Frameworks",
					"$(inherited)",
				);
				INFOPLIST_FILE = TipCalculatorTests/Info.plist;
				LD_RUNPATH_SEARCH_PATHS = "$(inherited) @executable_path/Frameworks @loader_path/Frameworks";
				PRODUCT_NAME = "$(TARGET_NAME)";
				TEST_HOST = "$(BUILT_PRODUCTS_DIR)/TipCalculator.app/TipCalculator";
			};
			name = Release;
		};
/* End XCBuildConfiguration section */

/* Begin XCConfigurationList section */
		04B7BF0C1AE217AB0007D5EB /* Build configuration list for PBXProject "TipCalculator" */ = {
			isa = XCConfigurationList;
			buildConfigurations = (
				04B7BF2E1AE217AB0007D5EB /* Debug */,
				04B7BF2F1AE217AB0007D5EB /* Release */,
			);
			defaultConfigurationIsVisible = 0;
			defaultConfigurationName = Release;
		};
		04B7BF301AE217AB0007D5EB /* Build configuration list for PBXNativeTarget "TipCalculator" */ = {
			isa = XCConfigurationList;
			buildConfigurations = (
				04B7BF311AE217AB0007D5EB /* Debug */,
				04B7BF321AE217AB0007D5EB /* Release */,
			);
			defaultConfigurationIsVisible = 0;
			defaultConfigurationName = Release;
		};
		04B7BF331AE217AB0007D5EB /* Build configuration list for PBXNativeTarget "TipCalculatorTests" */ = {
			isa = XCConfigurationList;
			buildConfigurations = (
				04B7BF341AE217AB0007D5EB /* Debug */,
				04B7BF351AE217AB0007D5EB /* Release */,
			);
			defaultConfigurationIsVisible = 0;
			defaultConfigurationName = Release;
		};
/* End XCConfigurationList section */
	};
	rootObject = 04B7BF091AE217AB0007D5EB /* Project object */;
}
